
Microsoft Visual Studio Solution File, Format Version 12.00
# Visual Studio Version 17
VisualStudioVersion = 17.0.31903.59
MinimumVisualStudioVersion = 10.0.40219.1
Project("{2150E333-8FDC-42A3-9474-1A3956D46DE8}") = "UserAndUnitManagement", "UserAndUnitManagement", "{CE4568E3-ADA4-5E9C-B120-EF0872E16843}"
EndProject
Project("{FAE04EC0-301F-11D3-BF4B-00C04F79EFBC}") = "UserAndUnitManagement.Domain", "UserAndUnitManagement\UserAndUnitManagement.Domain\UserAndUnitManagement.Domain.csproj", "{968736F9-172C-4CBA-8279-D1A7C6BDE971}"
EndProject
Project("{FAE04EC0-301F-11D3-BF4B-00C04F79EFBC}") = "UserAndUnitManagement.Application", "UserAndUnitManagement\UserAndUnitManagement.Application\UserAndUnitManagement.Application.csproj", "{713B9D5E-BC81-4BCB-99BF-BB51ED301C51}"
EndProject
Project("{FAE04EC0-301F-11D3-BF4B-00C04F79EFBC}") = "UserAndUnitManagement.Infrastructure", "UserAndUnitManagement\UserAndUnitManagement.Infrastructure\UserAndUnitManagement.Infrastructure.csproj", "{FCC73C8F-46C7-489F-AD5C-FFA3983832F1}"
EndProject
Project("{2150E333-8FDC-42A3-9474-1A3956D46DE8}") = "Gateway", "Gateway", "{E7BDDBC6-9FD1-D1D7-ACD8-2C4F8E3D2461}"
EndProject
Project("{FAE04EC0-301F-11D3-BF4B-00C04F79EFBC}") = "CommunityConnect.Gateway", "Gateway\CommunityConnect.Gateway.csproj", "{FA4E82F6-C5B4-4D8C-A2FC-3612B9E7769B}"
EndProject
Project("{FAE04EC0-301F-11D3-BF4B-00C04F79EFBC}") = "UserAndUnitManagement.Api", "UserAndUnitManagement\UserAndUnitManagement.Api\UserAndUnitManagement.Api.csproj", "{34B585BD-D793-42AD-A5B3-2A5CFB13960F}"
EndProject
Project("{2150E333-8FDC-42A3-9474-1A3956D46DE8}") = "CommunicationHub", "CommunicationHub", "{A697DF44-FC03-39E1-7717-93B1DD7E11CB}"
EndProject
Project("{FAE04EC0-301F-11D3-BF4B-00C04F79EFBC}") = "CommunicationHub.Domain", "CommunicationHub\CommunicationHub.Domain\CommunicationHub.Domain.csproj", "{F2C79445-7AD6-4A52-98F8-24943599BCF3}"
EndProject
Project("{FAE04EC0-301F-11D3-BF4B-00C04F79EFBC}") = "CommunicationHub.Application", "CommunicationHub\CommunicationHub.Application\CommunicationHub.Application.csproj", "{230F166E-7204-48BF-8199-5BBF14385B68}"
EndProject
Project("{FAE04EC0-301F-11D3-BF4B-00C04F79EFBC}") = "CommunicationHub.Infrastructure", "CommunicationHub\CommunicationHub.Infrastructure\CommunicationHub.Infrastructure.csproj", "{DB6EBF31-ACED-417E-B351-91440FE1E5BC}"
EndProject
Project("{FAE04EC0-301F-11D3-BF4B-00C04F79EFBC}") = "CommunicationHub.Api", "CommunicationHub\CommunicationHub.Api\CommunicationHub.Api.csproj", "{8FFC36F3-5B20-446F-8B58-FB30EAE6533D}"
EndProject
Project("{FAE04EC0-301F-11D3-BF4B-00C04F79EFBC}") = "CommunicationHub.Client", "CommunicationHub\CommunicationHub.Client\CommunicationHub.Client.csproj", "{FB336F1F-8AE3-4132-9B0A-07A052780614}"
EndProject
Project("{2150E333-8FDC-42A3-9474-1A3956D46DE8}") = "MaintenanceService", "MaintenanceService", "{293B2FCB-6954-CA49-B144-26F60DA1C058}"
EndProject
Project("{FAE04EC0-301F-11D3-BF4B-00C04F79EFBC}") = "MaintenanceService.Domain", "MaintenanceService\MaintenanceService.Domain\MaintenanceService.Domain.csproj", "{519F62B4-1742-4BD2-BDE5-3956CB92E9FE}"
EndProject
Project("{FAE04EC0-301F-11D3-BF4B-00C04F79EFBC}") = "MaintenanceService.Application", "MaintenanceService\MaintenanceService.Application\MaintenanceService.Application.csproj", "{B2FE0420-2E61-456D-9ED8-FFD6BEC5FC38}"
EndProject
Project("{FAE04EC0-301F-11D3-BF4B-00C04F79EFBC}") = "MaintenanceService.Infrastructure", "MaintenanceService\MaintenanceService.Infrastructure\MaintenanceService.Infrastructure.csproj", "{1A6FA20D-CAD0-4D8C-8F02-1E665F1CE74F}"
EndProject
Project("{FAE04EC0-301F-11D3-BF4B-00C04F79EFBC}") = "MaintenanceService.Api", "MaintenanceService\MaintenanceService.Api\MaintenanceService.Api.csproj", "{CD8C20BF-B25B-46E9-BE6B-1B8A5957156D}"
EndProject
Project("{2150E333-8FDC-42A3-9474-1A3956D46DE8}") = "FinanceService", "FinanceService", "{B1ADF8B0-43A2-3AC7-0452-BACE8ED12C50}"
EndProject
Project("{FAE04EC0-301F-11D3-BF4B-00C04F79EFBC}") = "FinanceService.Domain", "FinanceService\FinanceService.Domain\FinanceService.Domain.csproj", "{13FAE3F3-DD3E-4BE3-8F23-36B05BA7F97F}"
EndProject
Project("{FAE04EC0-301F-11D3-BF4B-00C04F79EFBC}") = "FinanceService.Application", "FinanceService\FinanceService.Application\FinanceService.Application.csproj", "{6DBF3BD2-336C-4433-A39C-2B6ABC3B97C6}"
EndProject
Project("{FAE04EC0-301F-11D3-BF4B-00C04F79EFBC}") = "FinanceService.Infrastructure", "FinanceService\FinanceService.Infrastructure\FinanceService.Infrastructure.csproj", "{D924D197-85EF-46EC-8D71-96E7D8DE51BD}"
EndProject
Project("{FAE04EC0-301F-11D3-BF4B-00C04F79EFBC}") = "FinanceService.Api", "FinanceService\FinanceService.Api\FinanceService.Api.csproj", "{92466F93-00AF-47A0-841F-7C1CABF87102}"
EndProject
Global
	GlobalSection(SolutionConfigurationPlatforms) = preSolution
		Debug|Any CPU = Debug|Any CPU
		Debug|x64 = Debug|x64
		Debug|x86 = Debug|x86
		Release|Any CPU = Release|Any CPU
		Release|x64 = Release|x64
		Release|x86 = Release|x86
	EndGlobalSection
	GlobalSection(ProjectConfigurationPlatforms) = postSolution
		{968736F9-172C-4CBA-8279-D1A7C6BDE971}.Debug|Any CPU.ActiveCfg = Debug|Any CPU
		{968736F9-172C-4CBA-8279-D1A7C6BDE971}.Debug|Any CPU.Build.0 = Debug|Any CPU
		{968736F9-172C-4CBA-8279-D1A7C6BDE971}.Debug|x64.ActiveCfg = Debug|Any CPU
		{968736F9-172C-4CBA-8279-D1A7C6BDE971}.Debug|x64.Build.0 = Debug|Any CPU
		{968736F9-172C-4CBA-8279-D1A7C6BDE971}.Debug|x86.ActiveCfg = Debug|Any CPU
		{968736F9-172C-4CBA-8279-D1A7C6BDE971}.Debug|x86.Build.0 = Debug|Any CPU
		{968736F9-172C-4CBA-8279-D1A7C6BDE971}.Release|Any CPU.ActiveCfg = Release|Any CPU
		{968736F9-172C-4CBA-8279-D1A7C6BDE971}.Release|Any CPU.Build.0 = Release|Any CPU
		{968736F9-172C-4CBA-8279-D1A7C6BDE971}.Release|x64.ActiveCfg = Release|Any CPU
		{968736F9-172C-4CBA-8279-D1A7C6BDE971}.Release|x64.Build.0 = Release|Any CPU
		{968736F9-172C-4CBA-8279-D1A7C6BDE971}.Release|x86.ActiveCfg = Release|Any CPU
		{968736F9-172C-4CBA-8279-D1A7C6BDE971}.Release|x86.Build.0 = Release|Any CPU
		{713B9D5E-BC81-4BCB-99BF-BB51ED301C51}.Debug|Any CPU.ActiveCfg = Debug|Any CPU
		{713B9D5E-BC81-4BCB-99BF-BB51ED301C51}.Debug|Any CPU.Build.0 = Debug|Any CPU
		{713B9D5E-BC81-4BCB-99BF-BB51ED301C51}.Debug|x64.ActiveCfg = Debug|Any CPU
		{713B9D5E-BC81-4BCB-99BF-BB51ED301C51}.Debug|x64.Build.0 = Debug|Any CPU
		{713B9D5E-BC81-4BCB-99BF-BB51ED301C51}.Debug|x86.ActiveCfg = Debug|Any CPU
		{713B9D5E-BC81-4BCB-99BF-BB51ED301C51}.Debug|x86.Build.0 = Debug|Any CPU
		{713B9D5E-BC81-4BCB-99BF-BB51ED301C51}.Release|Any CPU.ActiveCfg = Release|Any CPU
		{713B9D5E-BC81-4BCB-99BF-BB51ED301C51}.Release|Any CPU.Build.0 = Release|Any CPU
		{713B9D5E-BC81-4BCB-99BF-BB51ED301C51}.Release|x64.ActiveCfg = Release|Any CPU
		{713B9D5E-BC81-4BCB-99BF-BB51ED301C51}.Release|x64.Build.0 = Release|Any CPU
		{713B9D5E-BC81-4BCB-99BF-BB51ED301C51}.Release|x86.ActiveCfg = Release|Any CPU
		{713B9D5E-BC81-4BCB-99BF-BB51ED301C51}.Release|x86.Build.0 = Release|Any CPU
		{FCC73C8F-46C7-489F-AD5C-FFA3983832F1}.Debug|Any CPU.ActiveCfg = Debug|Any CPU
		{FCC73C8F-46C7-489F-AD5C-FFA3983832F1}.Debug|Any CPU.Build.0 = Debug|Any CPU
		{FCC73C8F-46C7-489F-AD5C-FFA3983832F1}.Debug|x64.ActiveCfg = Debug|Any CPU
		{FCC73C8F-46C7-489F-AD5C-FFA3983832F1}.Debug|x64.Build.0 = Debug|Any CPU
		{FCC73C8F-46C7-489F-AD5C-FFA3983832F1}.Debug|x86.ActiveCfg = Debug|Any CPU
		{FCC73C8F-46C7-489F-AD5C-FFA3983832F1}.Debug|x86.Build.0 = Debug|Any CPU
		{FCC73C8F-46C7-489F-AD5C-FFA3983832F1}.Release|Any CPU.ActiveCfg = Release|Any CPU
		{FCC73C8F-46C7-489F-AD5C-FFA3983832F1}.Release|Any CPU.Build.0 = Release|Any CPU
		{FCC73C8F-46C7-489F-AD5C-FFA3983832F1}.Release|x64.ActiveCfg = Release|Any CPU
		{FCC73C8F-46C7-489F-AD5C-FFA3983832F1}.Release|x64.Build.0 = Release|Any CPU
		{FCC73C8F-46C7-489F-AD5C-FFA3983832F1}.Release|x86.ActiveCfg = Release|Any CPU
		{FCC73C8F-46C7-489F-AD5C-FFA3983832F1}.Release|x86.Build.0 = Release|Any CPU
		{FA4E82F6-C5B4-4D8C-A2FC-3612B9E7769B}.Debug|Any CPU.ActiveCfg = Debug|Any CPU
		{FA4E82F6-C5B4-4D8C-A2FC-3612B9E7769B}.Debug|Any CPU.Build.0 = Debug|Any CPU
		{FA4E82F6-C5B4-4D8C-A2FC-3612B9E7769B}.Debug|x64.ActiveCfg = Debug|Any CPU
		{FA4E82F6-C5B4-4D8C-A2FC-3612B9E7769B}.Debug|x64.Build.0 = Debug|Any CPU
		{FA4E82F6-C5B4-4D8C-A2FC-3612B9E7769B}.Debug|x86.ActiveCfg = Debug|Any CPU
		{FA4E82F6-C5B4-4D8C-A2FC-3612B9E7769B}.Debug|x86.Build.0 = Debug|Any CPU
		{FA4E82F6-C5B4-4D8C-A2FC-3612B9E7769B}.Release|Any CPU.ActiveCfg = Release|Any CPU
		{FA4E82F6-C5B4-4D8C-A2FC-3612B9E7769B}.Release|Any CPU.Build.0 = Release|Any CPU
		{FA4E82F6-C5B4-4D8C-A2FC-3612B9E7769B}.Release|x64.ActiveCfg = Release|Any CPU
		{FA4E82F6-C5B4-4D8C-A2FC-3612B9E7769B}.Release|x64.Build.0 = Release|Any CPU
		{FA4E82F6-C5B4-4D8C-A2FC-3612B9E7769B}.Release|x86.ActiveCfg = Release|Any CPU
		{FA4E82F6-C5B4-4D8C-A2FC-3612B9E7769B}.Release|x86.Build.0 = Release|Any CPU
		{34B585BD-D793-42AD-A5B3-2A5CFB13960F}.Debug|Any CPU.ActiveCfg = Debug|Any CPU
		{34B585BD-D793-42AD-A5B3-2A5CFB13960F}.Debug|Any CPU.Build.0 = Debug|Any CPU
		{34B585BD-D793-42AD-A5B3-2A5CFB13960F}.Debug|x64.ActiveCfg = Debug|Any CPU
		{34B585BD-D793-42AD-A5B3-2A5CFB13960F}.Debug|x64.Build.0 = Debug|Any CPU
		{34B585BD-D793-42AD-A5B3-2A5CFB13960F}.Debug|x86.ActiveCfg = Debug|Any CPU
		{34B585BD-D793-42AD-A5B3-2A5CFB13960F}.Debug|x86.Build.0 = Debug|Any CPU
		{34B585BD-D793-42AD-A5B3-2A5CFB13960F}.Release|Any CPU.ActiveCfg = Release|Any CPU
		{34B585BD-D793-42AD-A5B3-2A5CFB13960F}.Release|Any CPU.Build.0 = Release|Any CPU
		{34B585BD-D793-42AD-A5B3-2A5CFB13960F}.Release|x64.ActiveCfg = Release|Any CPU
		{34B585BD-D793-42AD-A5B3-2A5CFB13960F}.Release|x64.Build.0 = Release|Any CPU
		{34B585BD-D793-42AD-A5B3-2A5CFB13960F}.Release|x86.ActiveCfg = Release|Any CPU
		{34B585BD-D793-42AD-A5B3-2A5CFB13960F}.Release|x86.Build.0 = Release|Any CPU
		{F2C79445-7AD6-4A52-98F8-24943599BCF3}.Debug|Any CPU.ActiveCfg = Debug|Any CPU
		{F2C79445-7AD6-4A52-98F8-24943599BCF3}.Debug|Any CPU.Build.0 = Debug|Any CPU
		{F2C79445-7AD6-4A52-98F8-24943599BCF3}.Debug|x64.ActiveCfg = Debug|Any CPU
		{F2C79445-7AD6-4A52-98F8-24943599BCF3}.Debug|x64.Build.0 = Debug|Any CPU
		{F2C79445-7AD6-4A52-98F8-24943599BCF3}.Debug|x86.ActiveCfg = Debug|Any CPU
		{F2C79445-7AD6-4A52-98F8-24943599BCF3}.Debug|x86.Build.0 = Debug|Any CPU
		{F2C79445-7AD6-4A52-98F8-24943599BCF3}.Release|Any CPU.ActiveCfg = Release|Any CPU
		{F2C79445-7AD6-4A52-98F8-24943599BCF3}.Release|Any CPU.Build.0 = Release|Any CPU
		{F2C79445-7AD6-4A52-98F8-24943599BCF3}.Release|x64.ActiveCfg = Release|Any CPU
		{F2C79445-7AD6-4A52-98F8-24943599BCF3}.Release|x64.Build.0 = Release|Any CPU
		{F2C79445-7AD6-4A52-98F8-24943599BCF3}.Release|x86.ActiveCfg = Release|Any CPU
		{F2C79445-7AD6-4A52-98F8-24943599BCF3}.Release|x86.Build.0 = Release|Any CPU
		{230F166E-7204-48BF-8199-5BBF14385B68}.Debug|Any CPU.ActiveCfg = Debug|Any CPU
		{230F166E-7204-48BF-8199-5BBF14385B68}.Debug|Any CPU.Build.0 = Debug|Any CPU
		{230F166E-7204-48BF-8199-5BBF14385B68}.Debug|x64.ActiveCfg = Debug|Any CPU
		{230F166E-7204-48BF-8199-5BBF14385B68}.Debug|x64.Build.0 = Debug|Any CPU
		{230F166E-7204-48BF-8199-5BBF14385B68}.Debug|x86.ActiveCfg = Debug|Any CPU
		{230F166E-7204-48BF-8199-5BBF14385B68}.Debug|x86.Build.0 = Debug|Any CPU
		{230F166E-7204-48BF-8199-5BBF14385B68}.Release|Any CPU.ActiveCfg = Release|Any CPU
		{230F166E-7204-48BF-8199-5BBF14385B68}.Release|Any CPU.Build.0 = Release|Any CPU
		{230F166E-7204-48BF-8199-5BBF14385B68}.Release|x64.ActiveCfg = Release|Any CPU
		{230F166E-7204-48BF-8199-5BBF14385B68}.Release|x64.Build.0 = Release|Any CPU
		{230F166E-7204-48BF-8199-5BBF14385B68}.Release|x86.ActiveCfg = Release|Any CPU
		{230F166E-7204-48BF-8199-5BBF14385B68}.Release|x86.Build.0 = Release|Any CPU
		{DB6EBF31-ACED-417E-B351-91440FE1E5BC}.Debug|Any CPU.ActiveCfg = Debug|Any CPU
		{DB6EBF31-ACED-417E-B351-91440FE1E5BC}.Debug|Any CPU.Build.0 = Debug|Any CPU
		{DB6EBF31-ACED-417E-B351-91440FE1E5BC}.Debug|x64.ActiveCfg = Debug|Any CPU
		{DB6EBF31-ACED-417E-B351-91440FE1E5BC}.Debug|x64.Build.0 = Debug|Any CPU
		{DB6EBF31-ACED-417E-B351-91440FE1E5BC}.Debug|x86.ActiveCfg = Debug|Any CPU
		{DB6EBF31-ACED-417E-B351-91440FE1E5BC}.Debug|x86.Build.0 = Debug|Any CPU
		{DB6EBF31-ACED-417E-B351-91440FE1E5BC}.Release|Any CPU.ActiveCfg = Release|Any CPU
		{DB6EBF31-ACED-417E-B351-91440FE1E5BC}.Release|Any CPU.Build.0 = Release|Any CPU
		{DB6EBF31-ACED-417E-B351-91440FE1E5BC}.Release|x64.ActiveCfg = Release|Any CPU
		{DB6EBF31-ACED-417E-B351-91440FE1E5BC}.Release|x64.Build.0 = Release|Any CPU
		{DB6EBF31-ACED-417E-B351-91440FE1E5BC}.Release|x86.ActiveCfg = Release|Any CPU
		{DB6EBF31-ACED-417E-B351-91440FE1E5BC}.Release|x86.Build.0 = Release|Any CPU
		{8FFC36F3-5B20-446F-8B58-FB30EAE6533D}.Debug|Any CPU.ActiveCfg = Debug|Any CPU
		{8FFC36F3-5B20-446F-8B58-FB30EAE6533D}.Debug|Any CPU.Build.0 = Debug|Any CPU
		{8FFC36F3-5B20-446F-8B58-FB30EAE6533D}.Debug|x64.ActiveCfg = Debug|Any CPU
		{8FFC36F3-5B20-446F-8B58-FB30EAE6533D}.Debug|x64.Build.0 = Debug|Any CPU
		{8FFC36F3-5B20-446F-8B58-FB30EAE6533D}.Debug|x86.ActiveCfg = Debug|Any CPU
		{8FFC36F3-5B20-446F-8B58-FB30EAE6533D}.Debug|x86.Build.0 = Debug|Any CPU
		{8FFC36F3-5B20-446F-8B58-FB30EAE6533D}.Release|Any CPU.ActiveCfg = Release|Any CPU
		{8FFC36F3-5B20-446F-8B58-FB30EAE6533D}.Release|Any CPU.Build.0 = Release|Any CPU
		{8FFC36F3-5B20-446F-8B58-FB30EAE6533D}.Release|x64.ActiveCfg = Release|Any CPU
		{8FFC36F3-5B20-446F-8B58-FB30EAE6533D}.Release|x64.Build.0 = Release|Any CPU
		{8FFC36F3-5B20-446F-8B58-FB30EAE6533D}.Release|x86.ActiveCfg = Release|Any CPU
		{8FFC36F3-5B20-446F-8B58-FB30EAE6533D}.Release|x86.Build.0 = Release|Any CPU
		{FB336F1F-8AE3-4132-9B0A-07A052780614}.Debug|Any CPU.ActiveCfg = Debug|Any CPU
		{FB336F1F-8AE3-4132-9B0A-07A052780614}.Debug|Any CPU.Build.0 = Debug|Any CPU
		{FB336F1F-8AE3-4132-9B0A-07A052780614}.Debug|x64.ActiveCfg = Debug|Any CPU
		{FB336F1F-8AE3-4132-9B0A-07A052780614}.Debug|x64.Build.0 = Debug|Any CPU
		{FB336F1F-8AE3-4132-9B0A-07A052780614}.Debug|x86.ActiveCfg = Debug|Any CPU
		{FB336F1F-8AE3-4132-9B0A-07A052780614}.Debug|x86.Build.0 = Debug|Any CPU
		{FB336F1F-8AE3-4132-9B0A-07A052780614}.Release|Any CPU.ActiveCfg = Release|Any CPU
		{FB336F1F-8AE3-4132-9B0A-07A052780614}.Release|Any CPU.Build.0 = Release|Any CPU
		{FB336F1F-8AE3-4132-9B0A-07A052780614}.Release|x64.ActiveCfg = Release|Any CPU
		{FB336F1F-8AE3-4132-9B0A-07A052780614}.Release|x64.Build.0 = Release|Any CPU
		{FB336F1F-8AE3-4132-9B0A-07A052780614}.Release|x86.ActiveCfg = Release|Any CPU
		{FB336F1F-8AE3-4132-9B0A-07A052780614}.Release|x86.Build.0 = Release|Any CPU
		{519F62B4-1742-4BD2-BDE5-3956CB92E9FE}.Debug|Any CPU.ActiveCfg = Debug|Any CPU
		{519F62B4-1742-4BD2-BDE5-3956CB92E9FE}.Debug|Any CPU.Build.0 = Debug|Any CPU
		{519F62B4-1742-4BD2-BDE5-3956CB92E9FE}.Debug|x64.ActiveCfg = Debug|Any CPU
		{519F62B4-1742-4BD2-BDE5-3956CB92E9FE}.Debug|x64.Build.0 = Debug|Any CPU
		{519F62B4-1742-4BD2-BDE5-3956CB92E9FE}.Debug|x86.ActiveCfg = Debug|Any CPU
		{519F62B4-1742-4BD2-BDE5-3956CB92E9FE}.Debug|x86.Build.0 = Debug|Any CPU
		{519F62B4-1742-4BD2-BDE5-3956CB92E9FE}.Release|Any CPU.ActiveCfg = Release|Any CPU
		{519F62B4-1742-4BD2-BDE5-3956CB92E9FE}.Release|Any CPU.Build.0 = Release|Any CPU
		{519F62B4-1742-4BD2-BDE5-3956CB92E9FE}.Release|x64.ActiveCfg = Release|Any CPU
		{519F62B4-1742-4BD2-BDE5-3956CB92E9FE}.Release|x64.Build.0 = Release|Any CPU
		{519F62B4-1742-4BD2-BDE5-3956CB92E9FE}.Release|x86.ActiveCfg = Release|Any CPU
		{519F62B4-1742-4BD2-BDE5-3956CB92E9FE}.Release|x86.Build.0 = Release|Any CPU
		{B2FE0420-2E61-456D-9ED8-FFD6BEC5FC38}.Debug|Any CPU.ActiveCfg = Debug|Any CPU
		{B2FE0420-2E61-456D-9ED8-FFD6BEC5FC38}.Debug|Any CPU.Build.0 = Debug|Any CPU
		{B2FE0420-2E61-456D-9ED8-FFD6BEC5FC38}.Debug|x64.ActiveCfg = Debug|Any CPU
		{B2FE0420-2E61-456D-9ED8-FFD6BEC5FC38}.Debug|x64.Build.0 = Debug|Any CPU
		{B2FE0420-2E61-456D-9ED8-FFD6BEC5FC38}.Debug|x86.ActiveCfg = Debug|Any CPU
		{B2FE0420-2E61-456D-9ED8-FFD6BEC5FC38}.Debug|x86.Build.0 = Debug|Any CPU
		{B2FE0420-2E61-456D-9ED8-FFD6BEC5FC38}.Release|Any CPU.ActiveCfg = Release|Any CPU
		{B2FE0420-2E61-456D-9ED8-FFD6BEC5FC38}.Release|Any CPU.Build.0 = Release|Any CPU
		{B2FE0420-2E61-456D-9ED8-FFD6BEC5FC38}.Release|x64.ActiveCfg = Release|Any CPU
		{B2FE0420-2E61-456D-9ED8-FFD6BEC5FC38}.Release|x64.Build.0 = Release|Any CPU
		{B2FE0420-2E61-456D-9ED8-FFD6BEC5FC38}.Release|x86.ActiveCfg = Release|Any CPU
		{B2FE0420-2E61-456D-9ED8-FFD6BEC5FC38}.Release|x86.Build.0 = Release|Any CPU
		{1A6FA20D-CAD0-4D8C-8F02-1E665F1CE74F}.Debug|Any CPU.ActiveCfg = Debug|Any CPU
		{1A6FA20D-CAD0-4D8C-8F02-1E665F1CE74F}.Debug|Any CPU.Build.0 = Debug|Any CPU
		{1A6FA20D-CAD0-4D8C-8F02-1E665F1CE74F}.Debug|x64.ActiveCfg = Debug|Any CPU
		{1A6FA20D-CAD0-4D8C-8F02-1E665F1CE74F}.Debug|x64.Build.0 = Debug|Any CPU
		{1A6FA20D-CAD0-4D8C-8F02-1E665F1CE74F}.Debug|x86.ActiveCfg = Debug|Any CPU
		{1A6FA20D-CAD0-4D8C-8F02-1E665F1CE74F}.Debug|x86.Build.0 = Debug|Any CPU
		{1A6FA20D-CAD0-4D8C-8F02-1E665F1CE74F}.Release|Any CPU.ActiveCfg = Release|Any CPU
		{1A6FA20D-CAD0-4D8C-8F02-1E665F1CE74F}.Release|Any CPU.Build.0 = Release|Any CPU
		{1A6FA20D-CAD0-4D8C-8F02-1E665F1CE74F}.Release|x64.ActiveCfg = Release|Any CPU
		{1A6FA20D-CAD0-4D8C-8F02-1E665F1CE74F}.Release|x64.Build.0 = Release|Any CPU
		{1A6FA20D-CAD0-4D8C-8F02-1E665F1CE74F}.Release|x86.ActiveCfg = Release|Any CPU
		{1A6FA20D-CAD0-4D8C-8F02-1E665F1CE74F}.Release|x86.Build.0 = Release|Any CPU
		{CD8C20BF-B25B-46E9-BE6B-1B8A5957156D}.Debug|Any CPU.ActiveCfg = Debug|Any CPU
		{CD8C20BF-B25B-46E9-BE6B-1B8A5957156D}.Debug|Any CPU.Build.0 = Debug|Any CPU
		{CD8C20BF-B25B-46E9-BE6B-1B8A5957156D}.Debug|x64.ActiveCfg = Debug|Any CPU
		{CD8C20BF-B25B-46E9-BE6B-1B8A5957156D}.Debug|x64.Build.0 = Debug|Any CPU
		{CD8C20BF-B25B-46E9-BE6B-1B8A5957156D}.Debug|x86.ActiveCfg = Debug|Any CPU
		{CD8C20BF-B25B-46E9-BE6B-1B8A5957156D}.Debug|x86.Build.0 = Debug|Any CPU
		{CD8C20BF-B25B-46E9-BE6B-1B8A5957156D}.Release|Any CPU.ActiveCfg = Release|Any CPU
		{CD8C20BF-B25B-46E9-BE6B-1B8A5957156D}.Release|Any CPU.Build.0 = Release|Any CPU
		{CD8C20BF-B25B-46E9-BE6B-1B8A5957156D}.Release|x64.ActiveCfg = Release|Any CPU
		{CD8C20BF-B25B-46E9-BE6B-1B8A5957156D}.Release|x64.Build.0 = Release|Any CPU
		{CD8C20BF-B25B-46E9-BE6B-1B8A5957156D}.Release|x86.ActiveCfg = Release|Any CPU
		{CD8C20BF-B25B-46E9-BE6B-1B8A5957156D}.Release|x86.Build.0 = Release|Any CPU
		{13FAE3F3-DD3E-4BE3-8F23-36B05BA7F97F}.Debug|Any CPU.ActiveCfg = Debug|Any CPU
		{13FAE3F3-DD3E-4BE3-8F23-36B05BA7F97F}.Debug|Any CPU.Build.0 = Debug|Any CPU
		{13FAE3F3-DD3E-4BE3-8F23-36B05BA7F97F}.Debug|x64.ActiveCfg = Debug|Any CPU
		{13FAE3F3-DD3E-4BE3-8F23-36B05BA7F97F}.Debug|x64.Build.0 = Debug|Any CPU
		{13FAE3F3-DD3E-4BE3-8F23-36B05BA7F97F}.Debug|x86.ActiveCfg = Debug|Any CPU
		{13FAE3F3-DD3E-4BE3-8F23-36B05BA7F97F}.Debug|x86.Build.0 = Debug|Any CPU
		{13FAE3F3-DD3E-4BE3-8F23-36B05BA7F97F}.Release|Any CPU.ActiveCfg = Release|Any CPU
		{13FAE3F3-DD3E-4BE3-8F23-36B05BA7F97F}.Release|Any CPU.Build.0 = Release|Any CPU
		{13FAE3F3-DD3E-4BE3-8F23-36B05BA7F97F}.Release|x64.ActiveCfg = Release|Any CPU
		{13FAE3F3-DD3E-4BE3-8F23-36B05BA7F97F}.Release|x64.Build.0 = Release|Any CPU
		{13FAE3F3-DD3E-4BE3-8F23-36B05BA7F97F}.Release|x86.ActiveCfg = Release|Any CPU
		{13FAE3F3-DD3E-4BE3-8F23-36B05BA7F97F}.Release|x86.Build.0 = Release|Any CPU
		{6DBF3BD2-336C-4433-A39C-2B6ABC3B97C6}.Debug|Any CPU.ActiveCfg = Debug|Any CPU
		{6DBF3BD2-336C-4433-A39C-2B6ABC3B97C6}.Debug|Any CPU.Build.0 = Debug|Any CPU
		{6DBF3BD2-336C-4433-A39C-2B6ABC3B97C6}.Debug|x64.ActiveCfg = Debug|Any CPU
		{6DBF3BD2-336C-4433-A39C-2B6ABC3B97C6}.Debug|x64.Build.0 = Debug|Any CPU
		{6DBF3BD2-336C-4433-A39C-2B6ABC3B97C6}.Debug|x86.ActiveCfg = Debug|Any CPU
		{6DBF3BD2-336C-4433-A39C-2B6ABC3B97C6}.Debug|x86.Build.0 = Debug|Any CPU
		{6DBF3BD2-336C-4433-A39C-2B6ABC3B97C6}.Release|Any CPU.ActiveCfg = Release|Any CPU
		{6DBF3BD2-336C-4433-A39C-2B6ABC3B97C6}.Release|Any CPU.Build.0 = Release|Any CPU
		{6DBF3BD2-336C-4433-A39C-2B6ABC3B97C6}.Release|x64.ActiveCfg = Release|Any CPU
		{6DBF3BD2-336C-4433-A39C-2B6ABC3B97C6}.Release|x64.Build.0 = Release|Any CPU
		{6DBF3BD2-336C-4433-A39C-2B6ABC3B97C6}.Release|x86.ActiveCfg = Release|Any CPU
		{6DBF3BD2-336C-4433-A39C-2B6ABC3B97C6}.Release|x86.Build.0 = Release|Any CPU
		{D924D197-85EF-46EC-8D71-96E7D8DE51BD}.Debug|Any CPU.ActiveCfg = Debug|Any CPU
		{D924D197-85EF-46EC-8D71-96E7D8DE51BD}.Debug|Any CPU.Build.0 = Debug|Any CPU
		{D924D197-85EF-46EC-8D71-96E7D8DE51BD}.Debug|x64.ActiveCfg = Debug|Any CPU
		{D924D197-85EF-46EC-8D71-96E7D8DE51BD}.Debug|x64.Build.0 = Debug|Any CPU
		{D924D197-85EF-46EC-8D71-96E7D8DE51BD}.Debug|x86.ActiveCfg = Debug|Any CPU
		{D924D197-85EF-46EC-8D71-96E7D8DE51BD}.Debug|x86.Build.0 = Debug|Any CPU
		{D924D197-85EF-46EC-8D71-96E7D8DE51BD}.Release|Any CPU.ActiveCfg = Release|Any CPU
		{D924D197-85EF-46EC-8D71-96E7D8DE51BD}.Release|Any CPU.Build.0 = Release|Any CPU
		{D924D197-85EF-46EC-8D71-96E7D8DE51BD}.Release|x64.ActiveCfg = Release|Any CPU
		{D924D197-85EF-46EC-8D71-96E7D8DE51BD}.Release|x64.Build.0 = Release|Any CPU
		{D924D197-85EF-46EC-8D71-96E7D8DE51BD}.Release|x86.ActiveCfg = Release|Any CPU
		{D924D197-85EF-46EC-8D71-96E7D8DE51BD}.Release|x86.Build.0 = Release|Any CPU
		{92466F93-00AF-47A0-841F-7C1CABF87102}.Debug|Any CPU.ActiveCfg = Debug|Any CPU
		{92466F93-00AF-47A0-841F-7C1CABF87102}.Debug|Any CPU.Build.0 = Debug|Any CPU
		{92466F93-00AF-47A0-841F-7C1CABF87102}.Debug|x64.ActiveCfg = Debug|Any CPU
		{92466F93-00AF-47A0-841F-7C1CABF87102}.Debug|x64.Build.0 = Debug|Any CPU
		{92466F93-00AF-47A0-841F-7C1CABF87102}.Debug|x86.ActiveCfg = Debug|Any CPU
		{92466F93-00AF-47A0-841F-7C1CABF87102}.Debug|x86.Build.0 = Debug|Any CPU
		{92466F93-00AF-47A0-841F-7C1CABF87102}.Release|Any CPU.ActiveCfg = Release|Any CPU
		{92466F93-00AF-47A0-841F-7C1CABF87102}.Release|Any CPU.Build.0 = Release|Any CPU
		{92466F93-00AF-47A0-841F-7C1CABF87102}.Release|x64.ActiveCfg = Release|Any CPU
		{92466F93-00AF-47A0-841F-7C1CABF87102}.Release|x64.Build.0 = Release|Any CPU
		{92466F93-00AF-47A0-841F-7C1CABF87102}.Release|x86.ActiveCfg = Release|Any CPU
		{92466F93-00AF-47A0-841F-7C1CABF87102}.Release|x86.Build.0 = Release|Any CPU
	EndGlobalSection
	GlobalSection(SolutionProperties) = preSolution
		HideSolutionNode = FALSE
	EndGlobalSection
	GlobalSection(NestedProjects) = preSolution
		{968736F9-172C-4CBA-8279-D1A7C6BDE971} = {CE4568E3-ADA4-5E9C-B120-EF0872E16843}
		{713B9D5E-BC81-4BCB-99BF-BB51ED301C51} = {CE4568E3-ADA4-5E9C-B120-EF0872E16843}
		{FCC73C8F-46C7-489F-AD5C-FFA3983832F1} = {CE4568E3-ADA4-5E9C-B120-EF0872E16843}
		{FA4E82F6-C5B4-4D8C-A2FC-3612B9E7769B} = {E7BDDBC6-9FD1-D1D7-ACD8-2C4F8E3D2461}
		{34B585BD-D793-42AD-A5B3-2A5CFB13960F} = {CE4568E3-ADA4-5E9C-B120-EF0872E16843}
		{F2C79445-7AD6-4A52-98F8-24943599BCF3} = {A697DF44-FC03-39E1-7717-93B1DD7E11CB}
		{230F166E-7204-48BF-8199-5BBF14385B68} = {A697DF44-FC03-39E1-7717-93B1DD7E11CB}
		{DB6EBF31-ACED-417E-B351-91440FE1E5BC} = {A697DF44-FC03-39E1-7717-93B1DD7E11CB}
		{8FFC36F3-5B20-446F-8B58-FB30EAE6533D} = {A697DF44-FC03-39E1-7717-93B1DD7E11CB}
		{FB336F1F-8AE3-4132-9B0A-07A052780614} = {A697DF44-FC03-39E1-7717-93B1DD7E11CB}
		{519F62B4-1742-4BD2-BDE5-3956CB92E9FE} = {293B2FCB-6954-CA49-B144-26F60DA1C058}
		{B2FE0420-2E61-456D-9ED8-FFD6BEC5FC38} = {293B2FCB-6954-CA49-B144-26F60DA1C058}
		{1A6FA20D-CAD0-4D8C-8F02-1E665F1CE74F} = {293B2FCB-6954-CA49-B144-26F60DA1C058}
		{CD8C20BF-B25B-46E9-BE6B-1B8A5957156D} = {293B2FCB-6954-CA49-B144-26F60DA1C058}
		{13FAE3F3-DD3E-4BE3-8F23-36B05BA7F97F} = {B1ADF8B0-43A2-3AC7-0452-BACE8ED12C50}
		{6DBF3BD2-336C-4433-A39C-2B6ABC3B97C6} = {B1ADF8B0-43A2-3AC7-0452-BACE8ED12C50}
		{D924D197-85EF-46EC-8D71-96E7D8DE51BD} = {B1ADF8B0-43A2-3AC7-0452-BACE8ED12C50}
		{92466F93-00AF-47A0-841F-7C1CABF87102} = {B1ADF8B0-43A2-3AC7-0452-BACE8ED12C50}
	EndGlobalSection
EndGlobal
